hash: e841a1c835bb7714d1290470271970035e64865313cd7d45e539ddbedb56c17c
updated: 2018-02-25T22:46:35.201958934+01:00
imports:
- name: github.com/gogo/protobuf
  version: c0656edd0d9eab7c66d1eb0c568f9039345796f7
  subpackages:
  - proto
  - sortkeys
- name: github.com/golang/glog
  version: 44145f04b68cf362d9c4df2182967c2275eaefed
- name: github.com/google/gofuzz
  version: 44d81051d367757e1c7c6a5a86423ece9afcf63c
- name: github.com/spf13/pflag
  version: 4c012f6dcd9546820e378d0bdda4d8fc772cdfea
- name: golang.org/x/net
  version: 1c05540f6879653db88113bc4a2b70aec4bd491f
  subpackages:
  - http2
  - http2/hpack
  - idna
  - lex/httplex
- name: golang.org/x/text
  version: b19bf474d317b857955b12035d2c5acb57ce8b01
  subpackages:
  - secure/bidirule
  - transform
  - unicode/bidi
  - unicode/norm
- name: golang.org/x/tools
  version: 2ae76fd1560b622911f444c1e66b70a857e1de67
  subpackages:
  - imports
- name: gopkg.in/inf.v0
  version: 3887ee99ecf07df5b447e9b00d9c0b2adaa9f3e4
- name: k8s.io/api
  version: 0d0b2f481328d8bae556061a08a02175054059f4
  subpackages:
  - rbac/v1alpha1
- name: k8s.io/apimachinery
  version: da3b134bab57ebf23dedfec7e0004614dd4b5a24
  subpackages:
  - pkg/api/meta
  - pkg/api/resource
  - pkg/apimachinery
  - pkg/apimachinery/announced
  - pkg/apimachinery/registered
  - pkg/apis/meta/v1
  - pkg/apis/meta/v1/unstructured
  - pkg/apis/meta/v1beta1
  - pkg/conversion
  - pkg/conversion/queryparams
  - pkg/fields
  - pkg/labels
  - pkg/runtime
  - pkg/runtime/schema
  - pkg/selection
  - pkg/types
  - pkg/util/errors
  - pkg/util/intstr
  - pkg/util/json
  - pkg/util/net
  - pkg/util/runtime
  - pkg/util/sets
  - pkg/util/validation
  - pkg/util/validation/field
  - pkg/util/wait
  - pkg/watch
  - third_party/forked/golang/reflect
- name: k8s.io/client-go
  version: 78700dec6369ba22221b72770783300f143df150
- name: k8s.io/code-generator
  version: 91d3f6a57905178524105a085085901bb73bd3dc
- name: k8s.io/gengo
  version: 01a732e01d00cb9a81bb0ca050d3e6d2b947927b
testImports: []
